
Microsoft Visual Studio Solution File, Format Version 12.00
# Visual Studio Version 17
VisualStudioVersion = 17.8.34511.84
MinimumVisualStudioVersion = 10.0.40219.1
Project("{9A19103F-16F7-4668-BE54-9A1E7A4F7556}") = "RazorToDOApp", "RazorToDOApp\RazorToDOApp.csproj", "{F3A61632-BD24-4B1E-A1CD-E0E871ED01A9}"
EndProject
Project("{FAE04EC0-301F-11D3-BF4B-00C04F79EFBC}") = "BoardManagement", "BoardManagement\BoardManagement.csproj", "{B725E489-66CA-4DF0-BA75-81DAE989359E}"
EndProject
Global
	GlobalSection(SolutionConfigurationPlatforms) = preSolution
		Debug|Any CPU = Debug|Any CPU
		Release|Any CPU = Release|Any CPU
	EndGlobalSection
	GlobalSection(ProjectConfigurationPlatforms) = postSolution
		{F3A61632-BD24-4B1E-A1CD-E0E871ED01A9}.Debug|Any CPU.ActiveCfg = Debug|Any CPU
		{F3A61632-BD24-4B1E-A1CD-E0E871ED01A9}.Debug|Any CPU.Build.0 = Debug|Any CPU
		{F3A61632-BD24-4B1E-A1CD-E0E871ED01A9}.Release|Any CPU.ActiveCfg = Release|Any CPU
		{F3A61632-BD24-4B1E-A1CD-E0E871ED01A9}.Release|Any CPU.Build.0 = Release|Any CPU
		{B725E489-66CA-4DF0-BA75-81DAE989359E}.Debug|Any CPU.ActiveCfg = Debug|Any CPU
		{B725E489-66CA-4DF0-BA75-81DAE989359E}.Debug|Any CPU.Build.0 = Debug|Any CPU
		{B725E489-66CA-4DF0-BA75-81DAE989359E}.Release|Any CPU.ActiveCfg = Release|Any CPU
		{B725E489-66CA-4DF0-BA75-81DAE989359E}.Release|Any CPU.Build.0 = Release|Any CPU
	EndGlobalSection
	GlobalSection(SolutionProperties) = preSolution
		HideSolutionNode = FALSE
	EndGlobalSection
	GlobalSection(ExtensibilityGlobals) = postSolution
		SolutionGuid = {C9094DEA-FACB-40C5-85EA-C447EEA25B56}
	EndGlobalSection
EndGlobal
